// !$*UTF8*$!
{
	archiveVersion = 1;
	classes = {
	};
	objectVersion = 46;
	objects = {

/* Begin PBXBuildFile section */
		3F884DC21B2BC1580016104E /* ChatViewController.swift in Sources */ = {isa = PBXBuildFile; fileRef = 3F884DC11B2BC1580016104E /* ChatViewController.swift */; };
		3F884DC91B2F573D0016104E /* Bolts.framework in Frameworks */ = {isa = PBXBuildFile; fileRef = 3F884DC31B2F573D0016104E /* Bolts.framework */; };
		3F884DCA1B2F573D0016104E /* Parse.framework in Frameworks */ = {isa = PBXBuildFile; fileRef = 3F884DC41B2F573D0016104E /* Parse.framework */; };
		3F884DCB1B2F573D0016104E /* ParseCrashReporting.framework in Frameworks */ = {isa = PBXBuildFile; fileRef = 3F884DC51B2F573D0016104E /* ParseCrashReporting.framework */; };
		3F884DCC1B2F573D0016104E /* ParseFacebookUtils.framework in Frameworks */ = {isa = PBXBuildFile; fileRef = 3F884DC61B2F573D0016104E /* ParseFacebookUtils.framework */; };
		3F884DCD1B2F573D0016104E /* ParseFacebookUtilsV4.framework in Frameworks */ = {isa = PBXBuildFile; fileRef = 3F884DC71B2F573D0016104E /* ParseFacebookUtilsV4.framework */; };
		3F884DCE1B2F573D0016104E /* ParseUI.framework in Frameworks */ = {isa = PBXBuildFile; fileRef = 3F884DC81B2F573D0016104E /* ParseUI.framework */; };
		3F884DD11B2F5B6E0016104E /* AudioToolbox.framework in Frameworks */ = {isa = PBXBuildFile; fileRef = 3F884DD01B2F5B6E0016104E /* AudioToolbox.framework */; };
		3F884DD31B2F5B750016104E /* CFNetwork.framework in Frameworks */ = {isa = PBXBuildFile; fileRef = 3F884DD21B2F5B750016104E /* CFNetwork.framework */; };
		3F884DD51B2F5B800016104E /* CoreGraphics.framework in Frameworks */ = {isa = PBXBuildFile; fileRef = 3F884DD41B2F5B800016104E /* CoreGraphics.framework */; };
		3F884DD71B2F5B870016104E /* CoreLocation.framework in Frameworks */ = {isa = PBXBuildFile; fileRef = 3F884DD61B2F5B870016104E /* CoreLocation.framework */; };
		3F884DD91B2F5B940016104E /* MobileCoreServices.framework in Frameworks */ = {isa = PBXBuildFile; fileRef = 3F884DD81B2F5B940016104E /* MobileCoreServices.framework */; };
		3F884DDB1B2F5B9D0016104E /* QuartzCore.framework in Frameworks */ = {isa = PBXBuildFile; fileRef = 3F884DDA1B2F5B9D0016104E /* QuartzCore.framework */; };
		3F884DDD1B2F5BA90016104E /* Security.framework in Frameworks */ = {isa = PBXBuildFile; fileRef = 3F884DDC1B2F5BA90016104E /* Security.framework */; };
		3F884DDF1B2F5BB00016104E /* StoreKit.framework in Frameworks */ = {isa = PBXBuildFile; fileRef = 3F884DDE1B2F5BB00016104E /* StoreKit.framework */; };
		3F884DE11B2F5BBA0016104E /* SystemConfiguration.framework in Frameworks */ = {isa = PBXBuildFile; fileRef = 3F884DE01B2F5BBA0016104E /* SystemConfiguration.framework */; };
		3F884DE31B2F5BC70016104E /* libz.dylib in Frameworks */ = {isa = PBXBuildFile; fileRef = 3F884DE21B2F5BC60016104E /* libz.dylib */; };
		3F884DE51B2F5BD90016104E /* libsqlite3.dylib in Frameworks */ = {isa = PBXBuildFile; fileRef = 3F884DE41B2F5BD90016104E /* libsqlite3.dylib */; };
		3F884DE71B2F61B50016104E /* parseKeys.plist in Resources */ = {isa = PBXBuildFile; fileRef = 3F884DE61B2F61B50016104E /* parseKeys.plist */; };
		3FE15C061B2B8C46008E84FB /* AppDelegate.swift in Sources */ = {isa = PBXBuildFile; fileRef = 3FE15C051B2B8C46008E84FB /* AppDelegate.swift */; };
		3FE15C0B1B2B8C46008E84FB /* Main.storyboard in Resources */ = {isa = PBXBuildFile; fileRef = 3FE15C091B2B8C46008E84FB /* Main.storyboard */; };
		3FE15C0D1B2B8C46008E84FB /* Images.xcassets in Resources */ = {isa = PBXBuildFile; fileRef = 3FE15C0C1B2B8C46008E84FB /* Images.xcassets */; };
		3FE15C101B2B8C46008E84FB /* LaunchScreen.xib in Resources */ = {isa = PBXBuildFile; fileRef = 3FE15C0E1B2B8C46008E84FB /* LaunchScreen.xib */; };
		3FE15C1C1B2B8C46008E84FB /* SendARavenTests.swift in Sources */ = {isa = PBXBuildFile; fileRef = 3FE15C1B1B2B8C46008E84FB /* SendARavenTests.swift */; };
		3FE15C261B2B92C0008E84FB /* ChatviewTableViewController.swift in Sources */ = {isa = PBXBuildFile; fileRef = 3FE15C251B2B92C0008E84FB /* ChatviewTableViewController.swift */; };
		3FE15C281B2B9319008E84FB /* Message.swift in Sources */ = {isa = PBXBuildFile; fileRef = 3FE15C271B2B9319008E84FB /* Message.swift */; };
		3FE15C2C1B2B9EBF008E84FB /* MessageCell.swift in Sources */ = {isa = PBXBuildFile; fileRef = 3FE15C2B1B2B9EBF008E84FB /* MessageCell.swift */; };
		3FFF4C901B2F818A00670ACD /* IndexViewController.swift in Sources */ = {isa = PBXBuildFile; fileRef = 3FFF4C8F1B2F818A00670ACD /* IndexViewController.swift */; };
		3FFF4C921B2F845C00670ACD /* Social.framework in Frameworks */ = {isa = PBXBuildFile; fileRef = 3FFF4C911B2F845C00670ACD /* Social.framework */; };
		3FFF4C941B2F846800670ACD /* Accounts.framework in Frameworks */ = {isa = PBXBuildFile; fileRef = 3FFF4C931B2F846800670ACD /* Accounts.framework */; };
		3FFF4C961B2FA12600670ACD /* PickLocationViewController.swift in Sources */ = {isa = PBXBuildFile; fileRef = 3FFF4C951B2FA12600670ACD /* PickLocationViewController.swift */; };
		3FFF4C981B2FA2B500670ACD /* MapKit.framework in Frameworks */ = {isa = PBXBuildFile; fileRef = 3FFF4C971B2FA2B500670ACD /* MapKit.framework */; };
		3FFF4C9A1B2FA3D700670ACD /* victoria.gpx in Resources */ = {isa = PBXBuildFile; fileRef = 3FFF4C991B2FA3D700670ACD /* victoria.gpx */; };
/* End PBXBuildFile section */

/* Begin PBXContainerItemProxy section */
		3FE15C161B2B8C46008E84FB /* PBXContainerItemProxy */ = {
			isa = PBXContainerItemProxy;
			containerPortal = 3FE15BF81B2B8C46008E84FB /* Project object */;
			proxyType = 1;
			remoteGlobalIDString = 3FE15BFF1B2B8C46008E84FB;
			remoteInfo = SendARaven;
		};
/* End PBXContainerItemProxy section */

/* Begin PBXFileReference section */
		3F884DC11B2BC1580016104E /* ChatViewController.swift */ = {isa = PBXFileReference; fileEncoding = 4; lastKnownFileType = sourcecode.swift; path = ChatViewController.swift; sourceTree = "<group>"; };
		3F884DC31B2F573D0016104E /* Bolts.framework */ = {isa = PBXFileReference; lastKnownFileType = wrapper.framework; path = Bolts.framework; sourceTree = "<group>"; };
		3F884DC41B2F573D0016104E /* Parse.framework */ = {isa = PBXFileReference; lastKnownFileType = wrapper.framework; path = Parse.framework; sourceTree = "<group>"; };
		3F884DC51B2F573D0016104E /* ParseCrashReporting.framework */ = {isa = PBXFileReference; lastKnownFileType = wrapper.framework; path = ParseCrashReporting.framework; sourceTree = "<group>"; };
		3F884DC61B2F573D0016104E /* ParseFacebookUtils.framework */ = {isa = PBXFileReference; lastKnownFileType = wrapper.framework; path = ParseFacebookUtils.framework; sourceTree = "<group>"; };
		3F884DC71B2F573D0016104E /* ParseFacebookUtilsV4.framework */ = {isa = PBXFileReference; lastKnownFileType = wrapper.framework; path = ParseFacebookUtilsV4.framework; sourceTree = "<group>"; };
		3F884DC81B2F573D0016104E /* ParseUI.framework */ = {isa = PBXFileReference; lastKnownFileType = wrapper.framework; path = ParseUI.framework; sourceTree = "<group>"; };
		3F884DD01B2F5B6E0016104E /* AudioToolbox.framework */ = {isa = PBXFileReference; lastKnownFileType = wrapper.framework; name = AudioToolbox.framework; path = System/Library/Frameworks/AudioToolbox.framework; sourceTree = SDKROOT; };
		3F884DD21B2F5B750016104E /* CFNetwork.framework */ = {isa = PBXFileReference; lastKnownFileType = wrapper.framework; name = CFNetwork.framework; path = System/Library/Frameworks/CFNetwork.framework; sourceTree = SDKROOT; };
		3F884DD41B2F5B800016104E /* CoreGraphics.framework */ = {isa = PBXFileReference; lastKnownFileType = wrapper.framework; name = CoreGraphics.framework; path = System/Library/Frameworks/CoreGraphics.framework; sourceTree = SDKROOT; };
		3F884DD61B2F5B870016104E /* CoreLocation.framework */ = {isa = PBXFileReference; lastKnownFileType = wrapper.framework; name = CoreLocation.framework; path = System/Library/Frameworks/CoreLocation.framework; sourceTree = SDKROOT; };
		3F884DD81B2F5B940016104E /* MobileCoreServices.framework */ = {isa = PBXFileReference; lastKnownFileType = wrapper.framework; name = MobileCoreServices.framework; path = System/Library/Frameworks/MobileCoreServices.framework; sourceTree = SDKROOT; };
		3F884DDA1B2F5B9D0016104E /* QuartzCore.framework */ = {isa = PBXFileReference; lastKnownFileType = wrapper.framework; name = QuartzCore.framework; path = System/Library/Frameworks/QuartzCore.framework; sourceTree = SDKROOT; };
		3F884DDC1B2F5BA90016104E /* Security.framework */ = {isa = PBXFileReference; lastKnownFileType = wrapper.framework; name = Security.framework; path = System/Library/Frameworks/Security.framework; sourceTree = SDKROOT; };
		3F884DDE1B2F5BB00016104E /* StoreKit.framework */ = {isa = PBXFileReference; lastKnownFileType = wrapper.framework; name = StoreKit.framework; path = System/Library/Frameworks/StoreKit.framework; sourceTree = SDKROOT; };
		3F884DE01B2F5BBA0016104E /* SystemConfiguration.framework */ = {isa = PBXFileReference; lastKnownFileType = wrapper.framework; name = SystemConfiguration.framework; path = System/Library/Frameworks/SystemConfiguration.framework; sourceTree = SDKROOT; };
		3F884DE21B2F5BC60016104E /* libz.dylib */ = {isa = PBXFileReference; lastKnownFileType = "compiled.mach-o.dylib"; name = libz.dylib; path = usr/lib/libz.dylib; sourceTree = SDKROOT; };
		3F884DE41B2F5BD90016104E /* libsqlite3.dylib */ = {isa = PBXFileReference; lastKnownFileType = "compiled.mach-o.dylib"; name = libsqlite3.dylib; path = usr/lib/libsqlite3.dylib; sourceTree = SDKROOT; };
		3F884DE61B2F61B50016104E /* parseKeys.plist */ = {isa = PBXFileReference; fileEncoding = 4; lastKnownFileType = text.plist.xml; path = parseKeys.plist; sourceTree = "<group>"; };
		3FE15C001B2B8C46008E84FB /* SendARaven.app */ = {isa = PBXFileReference; explicitFileType = wrapper.application; includeInIndex = 0; path = SendARaven.app; sourceTree = BUILT_PRODUCTS_DIR; };
		3FE15C041B2B8C46008E84FB /* Info.plist */ = {isa = PBXFileReference; lastKnownFileType = text.plist.xml; path = Info.plist; sourceTree = "<group>"; };
		3FE15C051B2B8C46008E84FB /* AppDelegate.swift */ = {isa = PBXFileReference; lastKnownFileType = sourcecode.swift; path = AppDelegate.swift; sourceTree = "<group>"; };
		3FE15C0A1B2B8C46008E84FB /* Base */ = {isa = PBXFileReference; lastKnownFileType = file.storyboard; name = Base; path = Base.lproj/Main.storyboard; sourceTree = "<group>"; };
		3FE15C0C1B2B8C46008E84FB /* Images.xcassets */ = {isa = PBXFileReference; lastKnownFileType = folder.assetcatalog; path = Images.xcassets; sourceTree = "<group>"; };
		3FE15C0F1B2B8C46008E84FB /* Base */ = {isa = PBXFileReference; lastKnownFileType = file.xib; name = Base; path = Base.lproj/LaunchScreen.xib; sourceTree = "<group>"; };
		3FE15C151B2B8C46008E84FB /* SendARavenTests.xctest */ = {isa = PBXFileReference; explicitFileType = wrapper.cfbundle; includeInIndex = 0; path = SendARavenTests.xctest; sourceTree = BUILT_PRODUCTS_DIR; };
		3FE15C1A1B2B8C46008E84FB /* Info.plist */ = {isa = PBXFileReference; lastKnownFileType = text.plist.xml; path = Info.plist; sourceTree = "<group>"; };
		3FE15C1B1B2B8C46008E84FB /* SendARavenTests.swift */ = {isa = PBXFileReference; lastKnownFileType = sourcecode.swift; path = SendARavenTests.swift; sourceTree = "<group>"; };
		3FE15C251B2B92C0008E84FB /* ChatviewTableViewController.swift */ = {isa = PBXFileReference; fileEncoding = 4; lastKnownFileType = sourcecode.swift; path = ChatviewTableViewController.swift; sourceTree = "<group>"; };
		3FE15C271B2B9319008E84FB /* Message.swift */ = {isa = PBXFileReference; fileEncoding = 4; lastKnownFileType = sourcecode.swift; path = Message.swift; sourceTree = "<group>"; };
		3FE15C2B1B2B9EBF008E84FB /* MessageCell.swift */ = {isa = PBXFileReference; fileEncoding = 4; lastKnownFileType = sourcecode.swift; path = MessageCell.swift; sourceTree = "<group>"; };
		3FFF4C8F1B2F818A00670ACD /* IndexViewController.swift */ = {isa = PBXFileReference; fileEncoding = 4; lastKnownFileType = sourcecode.swift; path = IndexViewController.swift; sourceTree = "<group>"; };
		3FFF4C911B2F845C00670ACD /* Social.framework */ = {isa = PBXFileReference; lastKnownFileType = wrapper.framework; name = Social.framework; path = System/Library/Frameworks/Social.framework; sourceTree = SDKROOT; };
		3FFF4C931B2F846800670ACD /* Accounts.framework */ = {isa = PBXFileReference; lastKnownFileType = wrapper.framework; name = Accounts.framework; path = System/Library/Frameworks/Accounts.framework; sourceTree = SDKROOT; };
		3FFF4C951B2FA12600670ACD /* PickLocationViewController.swift */ = {isa = PBXFileReference; fileEncoding = 4; lastKnownFileType = sourcecode.swift; path = PickLocationViewController.swift; sourceTree = "<group>"; };
		3FFF4C971B2FA2B500670ACD /* MapKit.framework */ = {isa = PBXFileReference; lastKnownFileType = wrapper.framework; name = MapKit.framework; path = System/Library/Frameworks/MapKit.framework; sourceTree = SDKROOT; };
		3FFF4C991B2FA3D700670ACD /* victoria.gpx */ = {isa = PBXFileReference; fileEncoding = 4; lastKnownFileType = text; path = victoria.gpx; sourceTree = "<group>"; };
/* End PBXFileReference section */

/* Begin PBXFrameworksBuildPhase section */
		3FE15BFD1B2B8C46008E84FB /* Frameworks */ = {
			isa = PBXFrameworksBuildPhase;
			buildActionMask = 2147483647;
			files = (
				3FFF4C981B2FA2B500670ACD /* MapKit.framework in Frameworks */,
				3F884DD71B2F5B870016104E /* CoreLocation.framework in Frameworks */,
				3FFF4C941B2F846800670ACD /* Accounts.framework in Frameworks */,
				3FFF4C921B2F845C00670ACD /* Social.framework in Frameworks */,
				3F884DE51B2F5BD90016104E /* libsqlite3.dylib in Frameworks */,
				3F884DE31B2F5BC70016104E /* libz.dylib in Frameworks */,
				3F884DE11B2F5BBA0016104E /* SystemConfiguration.framework in Frameworks */,
				3F884DDF1B2F5BB00016104E /* StoreKit.framework in Frameworks */,
				3F884DDD1B2F5BA90016104E /* Security.framework in Frameworks */,
				3F884DDB1B2F5B9D0016104E /* QuartzCore.framework in Frameworks */,
				3F884DD91B2F5B940016104E /* MobileCoreServices.framework in Frameworks */,
				3F884DD51B2F5B800016104E /* CoreGraphics.framework in Frameworks */,
				3F884DD31B2F5B750016104E /* CFNetwork.framework in Frameworks */,
				3F884DD11B2F5B6E0016104E /* AudioToolbox.framework in Frameworks */,
				3F884DCE1B2F573D0016104E /* ParseUI.framework in Frameworks */,
				3F884DCA1B2F573D0016104E /* Parse.framework in Frameworks */,
				3F884DCB1B2F573D0016104E /* ParseCrashReporting.framework in Frameworks */,
				3F884DCC1B2F573D0016104E /* ParseFacebookUtils.framework in Frameworks */,
				3F884DC91B2F573D0016104E /* Bolts.framework in Frameworks */,
				3F884DCD1B2F573D0016104E /* ParseFacebookUtilsV4.framework in Frameworks */,
			);
			runOnlyForDeploymentPostprocessing = 0;
		};
		3FE15C121B2B8C46008E84FB /* Frameworks */ = {
			isa = PBXFrameworksBuildPhase;
			buildActionMask = 2147483647;
			files = (
			);
			runOnlyForDeploymentPostprocessing = 0;
		};
/* End PBXFrameworksBuildPhase section */

/* Begin PBXGroup section */
		3F884DCF1B2F574D0016104E /* Frameworks */ = {
			isa = PBXGroup;
			children = (
				3F884DE41B2F5BD90016104E /* libsqlite3.dylib */,
				3F884DE21B2F5BC60016104E /* libz.dylib */,
				3FFF4C971B2FA2B500670ACD /* MapKit.framework */,
				3FFF4C931B2F846800670ACD /* Accounts.framework */,
				3FFF4C911B2F845C00670ACD /* Social.framework */,
				3F884DE01B2F5BBA0016104E /* SystemConfiguration.framework */,
				3F884DDE1B2F5BB00016104E /* StoreKit.framework */,
				3F884DDC1B2F5BA90016104E /* Security.framework */,
				3F884DDA1B2F5B9D0016104E /* QuartzCore.framework */,
				3F884DD81B2F5B940016104E /* MobileCoreServices.framework */,
				3F884DD61B2F5B870016104E /* CoreLocation.framework */,
				3F884DD41B2F5B800016104E /* CoreGraphics.framework */,
				3F884DD21B2F5B750016104E /* CFNetwork.framework */,
				3F884DD01B2F5B6E0016104E /* AudioToolbox.framework */,
				3F884DC31B2F573D0016104E /* Bolts.framework */,
				3F884DC41B2F573D0016104E /* Parse.framework */,
				3F884DC51B2F573D0016104E /* ParseCrashReporting.framework */,
				3F884DC61B2F573D0016104E /* ParseFacebookUtils.framework */,
				3F884DC71B2F573D0016104E /* ParseFacebookUtilsV4.framework */,
				3F884DC81B2F573D0016104E /* ParseUI.framework */,
			);
			name = Frameworks;
			sourceTree = "<group>";
		};
		3FE15BF71B2B8C46008E84FB = {
			isa = PBXGroup;
			children = (
				3FE15C021B2B8C46008E84FB /* SendARaven */,
				3FE15C181B2B8C46008E84FB /* SendARavenTests */,
				3FE15C011B2B8C46008E84FB /* Products */,
			);
			sourceTree = "<group>";
		};
		3FE15C011B2B8C46008E84FB /* Products */ = {
			isa = PBXGroup;
			children = (
				3FE15C001B2B8C46008E84FB /* SendARaven.app */,
				3FE15C151B2B8C46008E84FB /* SendARavenTests.xctest */,
			);
			name = Products;
			sourceTree = "<group>";
		};
		3FE15C021B2B8C46008E84FB /* SendARaven */ = {
			isa = PBXGroup;
			children = (
				3FE15C2B1B2B9EBF008E84FB /* MessageCell.swift */,
				3FE15C051B2B8C46008E84FB /* AppDelegate.swift */,
				3FFF4C951B2FA12600670ACD /* PickLocationViewController.swift */,
				3FFF4C8F1B2F818A00670ACD /* IndexViewController.swift */,
				3FE15C251B2B92C0008E84FB /* ChatviewTableViewController.swift */,
				3FE15C271B2B9319008E84FB /* Message.swift */,
				3FE15C091B2B8C46008E84FB /* Main.storyboard */,
				3F884DC11B2BC1580016104E /* ChatViewController.swift */,
				3FE15C0C1B2B8C46008E84FB /* Images.xcassets */,
				3FE15C0E1B2B8C46008E84FB /* LaunchScreen.xib */,
				3FE15C031B2B8C46008E84FB /* Supporting Files */,
				3F884DCF1B2F574D0016104E /* Frameworks */,
			);
			path = SendARaven;
			sourceTree = "<group>";
		};
		3FE15C031B2B8C46008E84FB /* Supporting Files */ = {
			isa = PBXGroup;
			children = (
				3FFF4C991B2FA3D700670ACD /* victoria.gpx */,
				3F884DE61B2F61B50016104E /* parseKeys.plist */,
				3FE15C041B2B8C46008E84FB /* Info.plist */,
			);
			name = "Supporting Files";
			sourceTree = "<group>";
		};
		3FE15C181B2B8C46008E84FB /* SendARavenTests */ = {
			isa = PBXGroup;
			children = (
				3FE15C1B1B2B8C46008E84FB /* SendARavenTests.swift */,
				3FE15C191B2B8C46008E84FB /* Supporting Files */,
			);
			path = SendARavenTests;
			sourceTree = "<group>";
		};
		3FE15C191B2B8C46008E84FB /* Supporting Files */ = {
			isa = PBXGroup;
			children = (
				3FE15C1A1B2B8C46008E84FB /* Info.plist */,
			);
			name = "Supporting Files";
			sourceTree = "<group>";
		};
/* End PBXGroup section */

/* Begin PBXNativeTarget section */
		3FE15BFF1B2B8C46008E84FB /* SendARaven */ = {
			isa = PBXNativeTarget;
			buildConfigurationList = 3FE15C1F1B2B8C46008E84FB /* Build configuration list for PBXNativeTarget "SendARaven" */;
			buildPhases = (
				3FE15BFC1B2B8C46008E84FB /* Sources */,
				3FE15BFD1B2B8C46008E84FB /* Frameworks */,
				3FE15BFE1B2B8C46008E84FB /* Resources */,
			);
			buildRules = (
			);
			dependencies = (
			);
			name = SendARaven;
			productName = SendARaven;
			productReference = 3FE15C001B2B8C46008E84FB /* SendARaven.app */;
			productType = "com.apple.product-type.application";
		};
		3FE15C141B2B8C46008E84FB /* SendARavenTests */ = {
			isa = PBXNativeTarget;
			buildConfigurationList = 3FE15C221B2B8C46008E84FB /* Build configuration list for PBXNativeTarget "SendARavenTests" */;
			buildPhases = (
				3FE15C111B2B8C46008E84FB /* Sources */,
				3FE15C121B2B8C46008E84FB /* Frameworks */,
				3FE15C131B2B8C46008E84FB /* Resources */,
			);
			buildRules = (
			);
			dependencies = (
				3FE15C171B2B8C46008E84FB /* PBXTargetDependency */,
			);
			name = SendARavenTests;
			productName = SendARavenTests;
			productReference = 3FE15C151B2B8C46008E84FB /* SendARavenTests.xctest */;
			productType = "com.apple.product-type.bundle.unit-test";
		};
/* End PBXNativeTarget section */

/* Begin PBXProject section */
		3FE15BF81B2B8C46008E84FB /* Project object */ = {
			isa = PBXProject;
			attributes = {
				LastUpgradeCheck = 0630;
				ORGANIZATIONNAME = "Jeremy Petter";
				TargetAttributes = {
					3FE15BFF1B2B8C46008E84FB = {
						CreatedOnToolsVersion = 6.3.2;
					};
					3FE15C141B2B8C46008E84FB = {
						CreatedOnToolsVersion = 6.3.2;
						TestTargetID = 3FE15BFF1B2B8C46008E84FB;
					};
				};
			};
			buildConfigurationList = 3FE15BFB1B2B8C46008E84FB /* Build configuration list for PBXProject "SendARaven" */;
			compatibilityVersion = "Xcode 3.2";
			developmentRegion = English;
			hasScannedForEncodings = 0;
			knownRegions = (
				en,
				Base,
			);
			mainGroup = 3FE15BF71B2B8C46008E84FB;
			productRefGroup = 3FE15C011B2B8C46008E84FB /* Products */;
			projectDirPath = "";
			projectRoot = "";
			targets = (
				3FE15BFF1B2B8C46008E84FB /* SendARaven */,
				3FE15C141B2B8C46008E84FB /* SendARavenTests */,
			);
		};
/* End PBXProject section */

/* Begin PBXResourcesBuildPhase section */
		3FE15BFE1B2B8C46008E84FB /* Resources */ = {
			isa = PBXResourcesBuildPhase;
			buildActionMask = 2147483647;
			files = (
				3F884DE71B2F61B50016104E /* parseKeys.plist in Resources */,
				3FE15C0B1B2B8C46008E84FB /* Main.storyboard in Resources */,
				3FFF4C9A1B2FA3D700670ACD /* victoria.gpx in Resources */,
				3FE15C101B2B8C46008E84FB /* LaunchScreen.xib in Resources */,
				3FE15C0D1B2B8C46008E84FB /* Images.xcassets in Resources */,
			);
			runOnlyForDeploymentPostprocessing = 0;
		};
		3FE15C131B2B8C46008E84FB /* Resources */ = {
			isa = PBXResourcesBuildPhase;
			buildActionMask = 2147483647;
			files = (
			);
			runOnlyForDeploymentPostprocessing = 0;
		};
/* End PBXResourcesBuildPhase section */

/* Begin PBXSourcesBuildPhase section */
		3FE15BFC1B2B8C46008E84FB /* Sources */ = {
			isa = PBXSourcesBuildPhase;
			buildActionMask = 2147483647;
			files = (
				3FE15C261B2B92C0008E84FB /* ChatviewTableViewController.swift in Sources */,
				3FE15C2C1B2B9EBF008E84FB /* MessageCell.swift in Sources */,
				3FE15C281B2B9319008E84FB /* Message.swift in Sources */,
				3FFF4C961B2FA12600670ACD /* PickLocationViewController.swift in Sources */,
				3F884DC21B2BC1580016104E /* ChatViewController.swift in Sources */,
				3FE15C061B2B8C46008E84FB /* AppDelegate.swift in Sources */,
				3FFF4C901B2F818A00670ACD /* IndexViewController.swift in Sources */,
			);
			runOnlyForDeploymentPostprocessing = 0;
		};
		3FE15C111B2B8C46008E84FB /* Sources */ = {
			isa = PBXSourcesBuildPhase;
			buildActionMask = 2147483647;
			files = (
				3FE15C1C1B2B8C46008E84FB /* SendARavenTests.swift in Sources */,
			);
			runOnlyForDeploymentPostprocessing = 0;
		};
/* End PBXSourcesBuildPhase section */

/* Begin PBXTargetDependency section */
		3FE15C171B2B8C46008E84FB /* PBXTargetDependency */ = {
			isa = PBXTargetDependency;
			target = 3FE15BFF1B2B8C46008E84FB /* SendARaven */;
			targetProxy = 3FE15C161B2B8C46008E84FB /* PBXContainerItemProxy */;
		};
/* End PBXTargetDependency section */

/* Begin PBXVariantGroup section */
		3FE15C091B2B8C46008E84FB /* Main.storyboard */ = {
			isa = PBXVariantGroup;
			children = (
				3FE15C0A1B2B8C46008E84FB /* Base */,
			);
			name = Main.storyboard;
			sourceTree = "<group>";
		};
		3FE15C0E1B2B8C46008E84FB /* LaunchScreen.xib */ = {
			isa = PBXVariantGroup;
			children = (
				3FE15C0F1B2B8C46008E84FB /* Base */,
			);
			name = LaunchScreen.xib;
			sourceTree = "<group>";
		};
/* End PBXVariantGroup section */

/* Begin XCBuildConfiguration section */
		3FE15C1D1B2B8C46008E84FB /* Debug */ = {
			isa = XCBuildConfiguration;
			buildSettings = {
				ALWAYS_SEARCH_USER_PATHS = NO;
				CLANG_CXX_LANGUAGE_STANDARD = "gnu++0x";
				CLANG_CXX_LIBRARY = "libc++";
				CLANG_ENABLE_MODULES = YES;
				CLANG_ENABLE_OBJC_ARC = YES;
				CLANG_WARN_BOOL_CONVERSION = YES;
				CLANG_WARN_CONSTANT_CONVERSION = YES;
				CLANG_WARN_DIRECT_OBJC_ISA_USAGE = YES_ERROR;
				CLANG_WARN_EMPTY_BODY = YES;
				CLANG_WARN_ENUM_CONVERSION = YES;
				CLANG_WARN_INT_CONVERSION = YES;
				CLANG_WARN_OBJC_ROOT_CLASS = YES_ERROR;
				CLANG_WARN_UNREACHABLE_CODE = YES;
				CLANG_WARN__DUPLICATE_METHOD_MATCH = YES;
				"CODE_SIGN_IDENTITY[sdk=iphoneos*]" = "iPhone Developer";
				COPY_PHASE_STRIP = NO;
				DEBUG_INFORMATION_FORMAT = "dwarf-with-dsym";
				ENABLE_STRICT_OBJC_MSGSEND = YES;
				GCC_C_LANGUAGE_STANDARD = gnu99;
				GCC_DYNAMIC_NO_PIC = NO;
				GCC_NO_COMMON_BLOCKS = YES;
				GCC_OPTIMIZATION_LEVEL = 0;
				GCC_PREPROCESSOR_DEFINITIONS = (
					"DEBUG=1",
					"$(inherited)",
				);
				GCC_SYMBOLS_PRIVATE_EXTERN = NO;
				GCC_WARN_64_TO_32_BIT_CONVERSION = YES;
				GCC_WARN_ABOUT_RETURN_TYPE = YES_ERROR;
				GCC_WARN_UNDECLARED_SELECTOR = YES;
				GCC_WARN_UNINITIALIZED_AUTOS = YES_AGGRESSIVE;
				GCC_WARN_UNUSED_FUNCTION = YES;
				GCC_WARN_UNUSED_VARIABLE = YES;
				IPHONEOS_DEPLOYMENT_TARGET = 8.3;
				MTL_ENABLE_DEBUG_INFO = YES;
				ONLY_ACTIVE_ARCH = YES;
				SDKROOT = iphoneos;
				SWIFT_OPTIMIZATION_LEVEL = "-Onone";
				TARGETED_DEVICE_FAMILY = "1,2";
			};
			name = Debug;
		};
		3FE15C1E1B2B8C46008E84FB /* Release */ = {
			isa = XCBuildConfiguration;
			buildSettings = {
				ALWAYS_SEARCH_USER_PATHS = NO;
				CLANG_CXX_LANGUAGE_STANDARD = "gnu++0x";
				CLANG_CXX_LIBRARY = "libc++";
				CLANG_ENABLE_MODULES = YES;
				CLANG_ENABLE_OBJC_ARC = YES;
				CLANG_WARN_BOOL_CONVERSION = YES;
				CLANG_WARN_CONSTANT_CONVERSION = YES;
				CLANG_WARN_DIRECT_OBJC_ISA_USAGE = YES_ERROR;
				CLANG_WARN_EMPTY_BODY = YES;
				CLANG_WARN_ENUM_CONVERSION = YES;
				CLANG_WARN_INT_CONVERSION = YES;
				CLANG_WARN_OBJC_ROOT_CLASS = YES_ERROR;
				CLANG_WARN_UNREACHABLE_CODE = YES;
				CLANG_WARN__DUPLICATE_METHOD_MATCH = YES;
				"CODE_SIGN_IDENTITY[sdk=iphoneos*]" = "iPhone Developer";
				COPY_PHASE_STRIP = NO;
				DEBUG_INFORMATION_FORMAT = "dwarf-with-dsym";
				ENABLE_NS_ASSERTIONS = NO;
				ENABLE_STRICT_OBJC_MSGSEND = YES;
				GCC_C_LANGUAGE_STANDARD = gnu99;
				GCC_NO_COMMON_BLOCKS = YES;
				GCC_WARN_64_TO_32_BIT_CONVERSION = YES;
				GCC_WARN_ABOUT_RETURN_TYPE = YES_ERROR;
				GCC_WARN_UNDECLARED_SELECTOR = YES;
				GCC_WARN_UNINITIALIZED_AUTOS = YES_AGGRESSIVE;
				GCC_WARN_UNUSED_FUNCTION = YES;
				GCC_WARN_UNUSED_VARIABLE = YES;
				IPHONEOS_DEPLOYMENT_TARGET = 8.3;
				MTL_ENABLE_DEBUG_INFO = NO;
				SDKROOT = iphoneos;
				TARGETED_DEVICE_FAMILY = "1,2";
				VALIDATE_PRODUCT = YES;
			};
			name = Release;
		};
		3FE15C201B2B8C46008E84FB /* Debug */ = {
			isa = XCBuildConfiguration;
			buildSettings = {
				ASSETCATALOG_COMPILER_APPICON_NAME = AppIcon;
				FRAMEWORK_SEARCH_PATHS = (
					"$(inherited)",
					"$(PROJECT_DIR)/SendARaven",
				);
				INFOPLIST_FILE = SendARaven/Info.plist;
				LD_RUNPATH_SEARCH_PATHS = "$(inherited) @executable_path/Frameworks";
				PRODUCT_NAME = "$(TARGET_NAME)";
			};
			name = Debug;
		};
		3FE15C211B2B8C46008E84FB /* Release */ = {
			isa = XCBuildConfiguration;
			buildSettings = {
				ASSETCATALOG_COMPILER_APPICON_NAME = AppIcon;
				FRAMEWORK_SEARCH_PATHS = (
					"$(inherited)",
					"$(PROJECT_DIR)/SendARaven",
				);
				INFOPLIST_FILE = SendARaven/Info.plist;
				LD_RUNPATH_SEARCH_PATHS = "$(inherited) @executable_path/Frameworks";
				PRODUCT_NAME = "$(TARGET_NAME)";
			};
			name = Release;
		};
		3FE15C231B2B8C46008E84FB /* Debug */ = {
			isa = XCBuildConfiguration;
			buildSettings = {
				BUNDLE_LOADER = "$(TEST_HOST)";
				FRAMEWORK_SEARCH_PATHS = (
					"$(SDKROOT)/Developer/Library/Frameworks",
					"$(inherited)",
				);
				GCC_PREPROCESSOR_DEFINITIONS = (
					"DEBUG=1",
					"$(inherited)",
				);
				INFOPLIST_FILE = SendARavenTests/Info.plist;
				LD_RUNPATH_SEARCH_PATHS = "$(inherited) @executable_path/Frameworks @loader_path/Frameworks";
				PRODUCT_NAME = "$(TARGET_NAME)";
				TEST_HOST = "$(BUILT_PRODUCTS_DIR)/SendARaven.app/SendARaven";
			};
			name = Debug;
		};
		3FE15C241B2B8C46008E84FB /* Release */ = {
			isa = XCBuildConfiguration;
			buildSettings = {
				BUNDLE_LOADER = "$(TEST_HOST)";
				FRAMEWORK_SEARCH_PATHS = (
					"$(SDKROOT)/Developer/Library/Frameworks",
					"$(inherited)",
				);
				INFOPLIST_FILE = SendARavenTests/Info.plist;
				LD_RUNPATH_SEARCH_PATHS = "$(inherited) @executable_path/Frameworks @loader_path/Frameworks";
				PRODUCT_NAME = "$(TARGET_NAME)";
				TEST_HOST = "$(BUILT_PRODUCTS_DIR)/SendARaven.app/SendARaven";
			};
			name = Release;
		};
/* End XCBuildConfiguration section */

/* Begin XCConfigurationList section */
		3FE15BFB1B2B8C46008E84FB /* Build configuration list for PBXProject "SendARaven" */ = {
			isa = XCConfigurationList;
			buildConfigurations = (
				3FE15C1D1B2B8C46008E84FB /* Debug */,
				3FE15C1E1B2B8C46008E84FB /* Release */,
			);
			defaultConfigurationIsVisible = 0;
			defaultConfigurationName = Release;
		};
		3FE15C1F1B2B8C46008E84FB /* Build configuration list for PBXNativeTarget "SendARaven" */ = {
			isa = XCConfigurationList;
			buildConfigurations = (
				3FE15C201B2B8C46008E84FB /* Debug */,
				3FE15C211B2B8C46008E84FB /* Release */,
			);
			defaultConfigurationIsVisible = 0;
			defaultConfigurationName = Release;
		};
		3FE15C221B2B8C46008E84FB /* Build configuration list for PBXNativeTarget "SendARavenTests" */ = {
			isa = XCConfigurationList;
			buildConfigurations = (
				3FE15C231B2B8C46008E84FB /* Debug */,
				3FE15C241B2B8C46008E84FB /* Release */,
			);
			defaultConfigurationIsVisible = 0;
			defaultConfigurationName = Release;
		};
/* End XCConfigurationList section */
	};
	rootObject = 3FE15BF81B2B8C46008E84FB /* Project object */;
}
